
Microsoft Visual Studio Solution File, Format Version 12.00
# Visual Studio 15
VisualStudioVersion = 15.0.28010.2036
MinimumVisualStudioVersion = 10.0.40219.1
Project("{FAE04EC0-301F-11D3-BF4B-00C04F79EFBC}") = "Grep", "Grep\Grep.csproj", "{C90439C1-3413-4103-B9DC-0A8E93EAC6C1}"
EndProject
Global
	GlobalSection(SolutionConfigurationPlatforms) = preSolution
		Debug|Any CPU = Debug|Any CPU
		Release|Any CPU = Release|Any CPU
	EndGlobalSection
	GlobalSection(ProjectConfigurationPlatforms) = postSolution
		{C90439C1-3413-4103-B9DC-0A8E93EAC6C1}.Debug|Any CPU.ActiveCfg = Debug|Any CPU
		{C90439C1-3413-4103-B9DC-0A8E93EAC6C1}.Debug|Any CPU.Build.0 = Debug|Any CPU
		{C90439C1-3413-4103-B9DC-0A8E93EAC6C1}.Release|Any CPU.ActiveCfg = Release|Any CPU
		{C90439C1-3413-4103-B9DC-0A8E93EAC6C1}.Release|Any CPU.Build.0 = Release|Any CPU
	EndGlobalSection
	GlobalSection(SolutionProperties) = preSolution
		HideSolutionNode = FALSE
	EndGlobalSection
	GlobalSection(ExtensibilityGlobals) = postSolution
		SolutionGuid = {7DFEBC5A-4469-4206-BADF-878AEC4BC9C2}
	EndGlobalSection
EndGlobal
